// !$*UTF8*$!
{
	archiveVersion = 1;
	classes = {
	};
	objectVersion = 50;
	objects = {

/* Begin PBXBuildFile section */
		4159549E56B997DB2C2B51D9 /* Pods_FakeTumblrTests.framework in Frameworks */ = {isa = PBXBuildFile; fileRef = 31AF04BC0160BFA97394D232 /* Pods_FakeTumblrTests.framework */; };
		63BD57970D6E489D10137633 /* Pods_FakeTumblrUITests.framework in Frameworks */ = {isa = PBXBuildFile; fileRef = 94C0387A0DB800A812A00450 /* Pods_FakeTumblrUITests.framework */; };
		D713E2882223997D007ACACE /* PhotoDetailsViewController.swift in Sources */ = {isa = PBXBuildFile; fileRef = D713E2872223997D007ACACE /* PhotoDetailsViewController.swift */; };
		D713E28A2223AE1E007ACACE /* FullScreenPhotoViewController.swift in Sources */ = {isa = PBXBuildFile; fileRef = D713E2892223AE1E007ACACE /* FullScreenPhotoViewController.swift */; };
		D767F23B2217BA25007493B2 /* AppDelegate.swift in Sources */ = {isa = PBXBuildFile; fileRef = D767F23A2217BA25007493B2 /* AppDelegate.swift */; };
		D767F23D2217BA25007493B2 /* PhotosViewController.swift in Sources */ = {isa = PBXBuildFile; fileRef = D767F23C2217BA25007493B2 /* PhotosViewController.swift */; };
		D767F2402217BA25007493B2 /* Main.storyboard in Resources */ = {isa = PBXBuildFile; fileRef = D767F23E2217BA25007493B2 /* Main.storyboard */; };
		D767F2422217BA31007493B2 /* Assets.xcassets in Resources */ = {isa = PBXBuildFile; fileRef = D767F2412217BA31007493B2 /* Assets.xcassets */; };
		D767F2452217BA31007493B2 /* LaunchScreen.storyboard in Resources */ = {isa = PBXBuildFile; fileRef = D767F2432217BA31007493B2 /* LaunchScreen.storyboard */; };
		D767F2502217BA32007493B2 /* FakeTumblrTests.swift in Sources */ = {isa = PBXBuildFile; fileRef = D767F24F2217BA32007493B2 /* FakeTumblrTests.swift */; };
		D767F25B2217BA32007493B2 /* FakeTumblrUITests.swift in Sources */ = {isa = PBXBuildFile; fileRef = D767F25A2217BA32007493B2 /* FakeTumblrUITests.swift */; };
		D767F2692217BB4D007493B2 /* PhotoCell.swift in Sources */ = {isa = PBXBuildFile; fileRef = D767F2682217BB4D007493B2 /* PhotoCell.swift */; };
		E45691AA397CBB77EB93A39A /* Pods_FakeTumblr.framework in Frameworks */ = {isa = PBXBuildFile; fileRef = 99590C93F22BABAC790A5BF9 /* Pods_FakeTumblr.framework */; };
/* End PBXBuildFile section */

/* Begin PBXContainerItemProxy section */
		D767F24C2217BA32007493B2 /* PBXContainerItemProxy */ = {
			isa = PBXContainerItemProxy;
			containerPortal = D767F22F2217BA25007493B2 /* Project object */;
			proxyType = 1;
			remoteGlobalIDString = D767F2362217BA25007493B2;
			remoteInfo = FakeTumblr;
		};
		D767F2572217BA32007493B2 /* PBXContainerItemProxy */ = {
			isa = PBXContainerItemProxy;
			containerPortal = D767F22F2217BA25007493B2 /* Project object */;
			proxyType = 1;
			remoteGlobalIDString = D767F2362217BA25007493B2;
			remoteInfo = FakeTumblr;
		};
/* End PBXContainerItemProxy section */

/* Begin PBXFileReference section */
		02910603A6FFF4F8B48B072D /* Pods-FakeTumblr.debug.xcconfig */ = {isa = PBXFileReference; includeInIndex = 1; lastKnownFileType = text.xcconfig; name = "Pods-FakeTumblr.debug.xcconfig"; path = "Target Support Files/Pods-FakeTumblr/Pods-FakeTumblr.debug.xcconfig"; sourceTree = "<group>"; };
		1B5F1C9ABCAE8F788BAFE785 /* Pods-FakeTumblr.release.xcconfig */ = {isa = PBXFileReference; includeInIndex = 1; lastKnownFileType = text.xcconfig; name = "Pods-FakeTumblr.release.xcconfig"; path = "Target Support Files/Pods-FakeTumblr/Pods-FakeTumblr.release.xcconfig"; sourceTree = "<group>"; };
		31AF04BC0160BFA97394D232 /* Pods_FakeTumblrTests.framework */ = {isa = PBXFileReference; explicitFileType = wrapper.framework; includeInIndex = 0; path = Pods_FakeTumblrTests.framework; sourceTree = BUILT_PRODUCTS_DIR; };
		94C0387A0DB800A812A00450 /* Pods_FakeTumblrUITests.framework */ = {isa = PBXFileReference; explicitFileType = wrapper.framework; includeInIndex = 0; path = Pods_FakeTumblrUITests.framework; sourceTree = BUILT_PRODUCTS_DIR; };
		951518B47DFA1DBED8777BB5 /* Pods-FakeTumblrUITests.release.xcconfig */ = {isa = PBXFileReference; includeInIndex = 1; lastKnownFileType = text.xcconfig; name = "Pods-FakeTumblrUITests.release.xcconfig"; path = "Target Support Files/Pods-FakeTumblrUITests/Pods-FakeTumblrUITests.release.xcconfig"; sourceTree = "<group>"; };
		99590C93F22BABAC790A5BF9 /* Pods_FakeTumblr.framework */ = {isa = PBXFileReference; explicitFileType = wrapper.framework; includeInIndex = 0; path = Pods_FakeTumblr.framework; sourceTree = BUILT_PRODUCTS_DIR; };
		9DB1F218AB80C0BC34838123 /* Pods-FakeTumblrUITests.debug.xcconfig */ = {isa = PBXFileReference; includeInIndex = 1; lastKnownFileType = text.xcconfig; name = "Pods-FakeTumblrUITests.debug.xcconfig"; path = "Target Support Files/Pods-FakeTumblrUITests/Pods-FakeTumblrUITests.debug.xcconfig"; sourceTree = "<group>"; };
		C3B0C3959F1F85B21234EF85 /* Pods-FakeTumblrTests.debug.xcconfig */ = {isa = PBXFileReference; includeInIndex = 1; lastKnownFileType = text.xcconfig; name = "Pods-FakeTumblrTests.debug.xcconfig"; path = "Target Support Files/Pods-FakeTumblrTests/Pods-FakeTumblrTests.debug.xcconfig"; sourceTree = "<group>"; };
		D713E2872223997D007ACACE /* PhotoDetailsViewController.swift */ = {isa = PBXFileReference; lastKnownFileType = sourcecode.swift; path = PhotoDetailsViewController.swift; sourceTree = "<group>"; };
		D713E2892223AE1E007ACACE /* FullScreenPhotoViewController.swift */ = {isa = PBXFileReference; lastKnownFileType = sourcecode.swift; path = FullScreenPhotoViewController.swift; sourceTree = "<group>"; };
		D767F2372217BA25007493B2 /* FakeTumblr.app */ = {isa = PBXFileReference; explicitFileType = wrapper.application; includeInIndex = 0; path = FakeTumblr.app; sourceTree = BUILT_PRODUCTS_DIR; };
		D767F23A2217BA25007493B2 /* AppDelegate.swift */ = {isa = PBXFileReference; lastKnownFileType = sourcecode.swift; path = AppDelegate.swift; sourceTree = "<group>"; };
		D767F23C2217BA25007493B2 /* PhotosViewController.swift */ = {isa = PBXFileReference; lastKnownFileType = sourcecode.swift; path = PhotosViewController.swift; sourceTree = "<group>"; };
		D767F23F2217BA25007493B2 /* Base */ = {isa = PBXFileReference; lastKnownFileType = file.storyboard; name = Base; path = Base.lproj/Main.storyboard; sourceTree = "<group>"; };
		D767F2412217BA31007493B2 /* Assets.xcassets */ = {isa = PBXFileReference; lastKnownFileType = folder.assetcatalog; path = Assets.xcassets; sourceTree = "<group>"; };
		D767F2442217BA31007493B2 /* Base */ = {isa = PBXFileReference; lastKnownFileType = file.storyboard; name = Base; path = Base.lproj/LaunchScreen.storyboard; sourceTree = "<group>"; };
		D767F2462217BA31007493B2 /* Info.plist */ = {isa = PBXFileReference; lastKnownFileType = text.plist.xml; path = Info.plist; sourceTree = "<group>"; };
		D767F24B2217BA32007493B2 /* FakeTumblrTests.xctest */ = {isa = PBXFileReference; explicitFileType = wrapper.cfbundle; includeInIndex = 0; path = FakeTumblrTests.xctest; sourceTree = BUILT_PRODUCTS_DIR; };
		D767F24F2217BA32007493B2 /* FakeTumblrTests.swift */ = {isa = PBXFileReference; lastKnownFileType = sourcecode.swift; path = FakeTumblrTests.swift; sourceTree = "<group>"; };
		D767F2512217BA32007493B2 /* Info.plist */ = {isa = PBXFileReference; lastKnownFileType = text.plist.xml; path = Info.plist; sourceTree = "<group>"; };
		D767F2562217BA32007493B2 /* FakeTumblrUITests.xctest */ = {isa = PBXFileReference; explicitFileType = wrapper.cfbundle; includeInIndex = 0; path = FakeTumblrUITests.xctest; sourceTree = BUILT_PRODUCTS_DIR; };
		D767F25A2217BA32007493B2 /* FakeTumblrUITests.swift */ = {isa = PBXFileReference; lastKnownFileType = sourcecode.swift; path = FakeTumblrUITests.swift; sourceTree = "<group>"; };
		D767F25C2217BA32007493B2 /* Info.plist */ = {isa = PBXFileReference; lastKnownFileType = text.plist.xml; path = Info.plist; sourceTree = "<group>"; };
		D767F2682217BB4D007493B2 /* PhotoCell.swift */ = {isa = PBXFileReference; lastKnownFileType = sourcecode.swift; path = PhotoCell.swift; sourceTree = "<group>"; };
		DC90DE5DB3BA1B8F522497CB /* Pods-FakeTumblrTests.release.xcconfig */ = {isa = PBXFileReference; includeInIndex = 1; lastKnownFileType = text.xcconfig; name = "Pods-FakeTumblrTests.release.xcconfig"; path = "Target Support Files/Pods-FakeTumblrTests/Pods-FakeTumblrTests.release.xcconfig"; sourceTree = "<group>"; };
/* End PBXFileReference section */

/* Begin PBXFrameworksBuildPhase section */
		D767F2342217BA25007493B2 /* Frameworks */ = {
			isa = PBXFrameworksBuildPhase;
			buildActionMask = 2147483647;
			files = (
				E45691AA397CBB77EB93A39A /* Pods_FakeTumblr.framework in Frameworks */,
			);
			runOnlyForDeploymentPostprocessing = 0;
		};
		D767F2482217BA32007493B2 /* Frameworks */ = {
			isa = PBXFrameworksBuildPhase;
			buildActionMask = 2147483647;
			files = (
				4159549E56B997DB2C2B51D9 /* Pods_FakeTumblrTests.framework in Frameworks */,
			);
			runOnlyForDeploymentPostprocessing = 0;
		};
		D767F2532217BA32007493B2 /* Frameworks */ = {
			isa = PBXFrameworksBuildPhase;
			buildActionMask = 2147483647;
			files = (
				63BD57970D6E489D10137633 /* Pods_FakeTumblrUITests.framework in Frameworks */,
			);
			runOnlyForDeploymentPostprocessing = 0;
		};
/* End PBXFrameworksBuildPhase section */

/* Begin PBXGroup section */
		CEF5A87B793FE42289C03C47 /* Frameworks */ = {
			isa = PBXGroup;
			children = (
				99590C93F22BABAC790A5BF9 /* Pods_FakeTumblr.framework */,
				31AF04BC0160BFA97394D232 /* Pods_FakeTumblrTests.framework */,
				94C0387A0DB800A812A00450 /* Pods_FakeTumblrUITests.framework */,
			);
			name = Frameworks;
			sourceTree = "<group>";
		};
		D37F25ADD0F4403127A4D3CE /* Pods */ = {
			isa = PBXGroup;
			children = (
				02910603A6FFF4F8B48B072D /* Pods-FakeTumblr.debug.xcconfig */,
				1B5F1C9ABCAE8F788BAFE785 /* Pods-FakeTumblr.release.xcconfig */,
				C3B0C3959F1F85B21234EF85 /* Pods-FakeTumblrTests.debug.xcconfig */,
				DC90DE5DB3BA1B8F522497CB /* Pods-FakeTumblrTests.release.xcconfig */,
				9DB1F218AB80C0BC34838123 /* Pods-FakeTumblrUITests.debug.xcconfig */,
				951518B47DFA1DBED8777BB5 /* Pods-FakeTumblrUITests.release.xcconfig */,
			);
			path = Pods;
			sourceTree = "<group>";
		};
		D767F22E2217BA25007493B2 = {
			isa = PBXGroup;
			children = (
				D767F2392217BA25007493B2 /* FakeTumblr */,
				D767F24E2217BA32007493B2 /* FakeTumblrTests */,
				D767F2592217BA32007493B2 /* FakeTumblrUITests */,
				D767F2382217BA25007493B2 /* Products */,
				D37F25ADD0F4403127A4D3CE /* Pods */,
				CEF5A87B793FE42289C03C47 /* Frameworks */,
			);
			sourceTree = "<group>";
		};
		D767F2382217BA25007493B2 /* Products */ = {
			isa = PBXGroup;
			children = (
				D767F2372217BA25007493B2 /* FakeTumblr.app */,
				D767F24B2217BA32007493B2 /* FakeTumblrTests.xctest */,
				D767F2562217BA32007493B2 /* FakeTumblrUITests.xctest */,
			);
			name = Products;
			sourceTree = "<group>";
		};
		D767F2392217BA25007493B2 /* FakeTumblr */ = {
			isa = PBXGroup;
			children = (
				D767F23A2217BA25007493B2 /* AppDelegate.swift */,
				D767F23C2217BA25007493B2 /* PhotosViewController.swift */,
				D767F23E2217BA25007493B2 /* Main.storyboard */,
				D713E2872223997D007ACACE /* PhotoDetailsViewController.swift */,
				D713E2892223AE1E007ACACE /* FullScreenPhotoViewController.swift */,
				D767F2682217BB4D007493B2 /* PhotoCell.swift */,
				D767F2412217BA31007493B2 /* Assets.xcassets */,
				D767F2432217BA31007493B2 /* LaunchScreen.storyboard */,
				D767F2462217BA31007493B2 /* Info.plist */,
			);
			path = FakeTumblr;
			sourceTree = "<group>";
		};
		D767F24E2217BA32007493B2 /* FakeTumblrTests */ = {
			isa = PBXGroup;
			children = (
				D767F24F2217BA32007493B2 /* FakeTumblrTests.swift */,
				D767F2512217BA32007493B2 /* Info.plist */,
			);
			path = FakeTumblrTests;
			sourceTree = "<group>";
		};
		D767F2592217BA32007493B2 /* FakeTumblrUITests */ = {
			isa = PBXGroup;
			children = (
				D767F25A2217BA32007493B2 /* FakeTumblrUITests.swift */,
				D767F25C2217BA32007493B2 /* Info.plist */,
			);
			path = FakeTumblrUITests;
			sourceTree = "<group>";
		};
/* End PBXGroup section */

/* Begin PBXNativeTarget section */
		D767F2362217BA25007493B2 /* FakeTumblr */ = {
			isa = PBXNativeTarget;
			buildConfigurationList = D767F25F2217BA32007493B2 /* Build configuration list for PBXNativeTarget "FakeTumblr" */;
			buildPhases = (
				1954AA7DABAF69CC100C383C /* [CP] Check Pods Manifest.lock */,
				D767F2332217BA25007493B2 /* Sources */,
				D767F2342217BA25007493B2 /* Frameworks */,
				D767F2352217BA25007493B2 /* Resources */,
				64A618987D0166E0B69A47E6 /* [CP] Embed Pods Frameworks */,
			);
			buildRules = (
			);
			dependencies = (
			);
			name = FakeTumblr;
			productName = FakeTumblr;
			productReference = D767F2372217BA25007493B2 /* FakeTumblr.app */;
			productType = "com.apple.product-type.application";
		};
		D767F24A2217BA32007493B2 /* FakeTumblrTests */ = {
			isa = PBXNativeTarget;
			buildConfigurationList = D767F2622217BA32007493B2 /* Build configuration list for PBXNativeTarget "FakeTumblrTests" */;
			buildPhases = (
				142A00C185E8173D7D588B48 /* [CP] Check Pods Manifest.lock */,
				D767F2472217BA32007493B2 /* Sources */,
				D767F2482217BA32007493B2 /* Frameworks */,
				D767F2492217BA32007493B2 /* Resources */,
			);
			buildRules = (
			);
			dependencies = (
				D767F24D2217BA32007493B2 /* PBXTargetDependency */,
			);
			name = FakeTumblrTests;
			productName = FakeTumblrTests;
			productReference = D767F24B2217BA32007493B2 /* FakeTumblrTests.xctest */;
			productType = "com.apple.product-type.bundle.unit-test";
		};
		D767F2552217BA32007493B2 /* FakeTumblrUITests */ = {
			isa = PBXNativeTarget;
			buildConfigurationList = D767F2652217BA32007493B2 /* Build configuration list for PBXNativeTarget "FakeTumblrUITests" */;
			buildPhases = (
				999D3F5F43DD2A7F00705973 /* [CP] Check Pods Manifest.lock */,
				D767F2522217BA32007493B2 /* Sources */,
				D767F2532217BA32007493B2 /* Frameworks */,
				D767F2542217BA32007493B2 /* Resources */,
			);
			buildRules = (
			);
			dependencies = (
				D767F2582217BA32007493B2 /* PBXTargetDependency */,
			);
			name = FakeTumblrUITests;
			productName = FakeTumblrUITests;
			productReference = D767F2562217BA32007493B2 /* FakeTumblrUITests.xctest */;
			productType = "com.apple.product-type.bundle.ui-testing";
		};
/* End PBXNativeTarget section */

/* Begin PBXProject section */
		D767F22F2217BA25007493B2 /* Project object */ = {
			isa = PBXProject;
			attributes = {
				LastSwiftUpdateCheck = 1010;
				LastUpgradeCheck = 1010;
				ORGANIZATIONNAME = "Kazutaka Homma";
				TargetAttributes = {
					D767F2362217BA25007493B2 = {
						CreatedOnToolsVersion = 10.1;
					};
					D767F24A2217BA32007493B2 = {
						CreatedOnToolsVersion = 10.1;
						TestTargetID = D767F2362217BA25007493B2;
					};
					D767F2552217BA32007493B2 = {
						CreatedOnToolsVersion = 10.1;
						TestTargetID = D767F2362217BA25007493B2;
					};
				};
			};
			buildConfigurationList = D767F2322217BA25007493B2 /* Build configuration list for PBXProject "FakeTumblr" */;
			compatibilityVersion = "Xcode 9.3";
			developmentRegion = en;
			hasScannedForEncodings = 0;
			knownRegions = (
				en,
				Base,
			);
			mainGroup = D767F22E2217BA25007493B2;
			productRefGroup = D767F2382217BA25007493B2 /* Products */;
			projectDirPath = "";
			projectRoot = "";
			targets = (
				D767F2362217BA25007493B2 /* FakeTumblr */,
				D767F24A2217BA32007493B2 /* FakeTumblrTests */,
				D767F2552217BA32007493B2 /* FakeTumblrUITests */,
			);
		};
/* End PBXProject section */

/* Begin PBXResourcesBuildPhase section */
		D767F2352217BA25007493B2 /* Resources */ = {
			isa = PBXResourcesBuildPhase;
			buildActionMask = 2147483647;
			files = (
				D767F2452217BA31007493B2 /* LaunchScreen.storyboard in Resources */,
				D767F2422217BA31007493B2 /* Assets.xcassets in Resources */,
				D767F2402217BA25007493B2 /* Main.storyboard in Resources */,
			);
			runOnlyForDeploymentPostprocessing = 0;
		};
		D767F2492217BA32007493B2 /* Resources */ = {
			isa = PBXResourcesBuildPhase;
			buildActionMask = 2147483647;
			files = (
			);
			runOnlyForDeploymentPostprocessing = 0;
		};
		D767F2542217BA32007493B2 /* Resources */ = {
			isa = PBXResourcesBuildPhase;
			buildActionMask = 2147483647;
			files = (
			);
			runOnlyForDeploymentPostprocessing = 0;
		};
/* End PBXResourcesBuildPhase section */

/* Begin PBXShellScriptBuildPhase section */
		142A00C185E8173D7D588B48 /* [CP] Check Pods Manifest.lock */ = {
			isa = PBXShellScriptBuildPhase;
			buildActionMask = 2147483647;
			files = (
			);
			inputFileListPaths = (
			);
			inputPaths = (
				"${PODS_PODFILE_DIR_PATH}/Podfile.lock",
				"${PODS_ROOT}/Manifest.lock",
			);
			name = "[CP] Check Pods Manifest.lock";
			outputFileListPaths = (
			);
			outputPaths = (
				"$(DERIVED_FILE_DIR)/Pods-FakeTumblrTests-checkManifestLockResult.txt",
			);
			runOnlyForDeploymentPostprocessing = 0;
			shellPath = /bin/sh;
			shellScript = "diff \"${PODS_PODFILE_DIR_PATH}/Podfile.lock\" \"${PODS_ROOT}/Manifest.lock\" > /dev/null\nif [ $? != 0 ] ; then\n    # print error to STDERR\n    echo \"error: The sandbox is not in sync with the Podfile.lock. Run 'pod install' or update your CocoaPods installation.\" >&2\n    exit 1\nfi\n# This output is used by Xcode 'outputs' to avoid re-running this script phase.\necho \"SUCCESS\" > \"${SCRIPT_OUTPUT_FILE_0}\"\n";
			showEnvVarsInLog = 0;
		};
		1954AA7DABAF69CC100C383C /* [CP] Check Pods Manifest.lock */ = {
			isa = PBXShellScriptBuildPhase;
			buildActionMask = 2147483647;
			files = (
			);
			inputFileListPaths = (
			);
			inputPaths = (
				"${PODS_PODFILE_DIR_PATH}/Podfile.lock",
				"${PODS_ROOT}/Manifest.lock",
			);
			name = "[CP] Check Pods Manifest.lock";
			outputFileListPaths = (
			);
			outputPaths = (
				"$(DERIVED_FILE_DIR)/Pods-FakeTumblr-checkManifestLockResult.txt",
			);
			runOnlyForDeploymentPostprocessing = 0;
			shellPath = /bin/sh;
			shellScript = "diff \"${PODS_PODFILE_DIR_PATH}/Podfile.lock\" \"${PODS_ROOT}/Manifest.lock\" > /dev/null\nif [ $? != 0 ] ; then\n    # print error to STDERR\n    echo \"error: The sandbox is not in sync with the Podfile.lock. Run 'pod install' or update your CocoaPods installation.\" >&2\n    exit 1\nfi\n# This output is used by Xcode 'outputs' to avoid re-running this script phase.\necho \"SUCCESS\" > \"${SCRIPT_OUTPUT_FILE_0}\"\n";
			showEnvVarsInLog = 0;
		};
		64A618987D0166E0B69A47E6 /* [CP] Embed Pods Frameworks */ = {
			isa = PBXShellScriptBuildPhase;
			buildActionMask = 2147483647;
			files = (
			);
			inputFileListPaths = (
			);
			inputPaths = (
				"${PODS_ROOT}/Target Support Files/Pods-FakeTumblr/Pods-FakeTumblr-frameworks.sh",
				"${BUILT_PRODUCTS_DIR}/Alamofire/Alamofire.framework",
				"${BUILT_PRODUCTS_DIR}/AlamofireImage/AlamofireImage.framework",
			);
			name = "[CP] Embed Pods Frameworks";
			outputFileListPaths = (
			);
			outputPaths = (
				"${TARGET_BUILD_DIR}/${FRAMEWORKS_FOLDER_PATH}/Alamofire.framework",
				"${TARGET_BUILD_DIR}/${FRAMEWORKS_FOLDER_PATH}/AlamofireImage.framework",
			);
			runOnlyForDeploymentPostprocessing = 0;
			shellPath = /bin/sh;
			shellScript = "\"${PODS_ROOT}/Target Support Files/Pods-FakeTumblr/Pods-FakeTumblr-frameworks.sh\"\n";
			showEnvVarsInLog = 0;
		};
		999D3F5F43DD2A7F00705973 /* [CP] Check Pods Manifest.lock */ = {
			isa = PBXShellScriptBuildPhase;
			buildActionMask = 2147483647;
			files = (
			);
			inputFileListPaths = (
			);
			inputPaths = (
				"${PODS_PODFILE_DIR_PATH}/Podfile.lock",
				"${PODS_ROOT}/Manifest.lock",
			);
			name = "[CP] Check Pods Manifest.lock";
			outputFileListPaths = (
			);
			outputPaths = (
				"$(DERIVED_FILE_DIR)/Pods-FakeTumblrUITests-checkManifestLockResult.txt",
			);
			runOnlyForDeploymentPostprocessing = 0;
			shellPath = /bin/sh;
			shellScript = "diff \"${PODS_PODFILE_DIR_PATH}/Podfile.lock\" \"${PODS_ROOT}/Manifest.lock\" > /dev/null\nif [ $? != 0 ] ; then\n    # print error to STDERR\n    echo \"error: The sandbox is not in sync with the Podfile.lock. Run 'pod install' or update your CocoaPods installation.\" >&2\n    exit 1\nfi\n# This output is used by Xcode 'outputs' to avoid re-running this script phase.\necho \"SUCCESS\" > \"${SCRIPT_OUTPUT_FILE_0}\"\n";
			showEnvVarsInLog = 0;
		};
/* End PBXShellScriptBuildPhase section */

/* Begin PBXSourcesBuildPhase section */
		D767F2332217BA25007493B2 /* Sources */ = {
			isa = PBXSourcesBuildPhase;
			buildActionMask = 2147483647;
			files = (
				D713E2882223997D007ACACE /* PhotoDetailsViewController.swift in Sources */,
				D767F23D2217BA25007493B2 /* PhotosViewController.swift in Sources */,
				D767F2692217BB4D007493B2 /* PhotoCell.swift in Sources */,
				D767F23B2217BA25007493B2 /* AppDelegate.swift in Sources */,
				D713E28A2223AE1E007ACACE /* FullScreenPhotoViewController.swift in Sources */,
			);
			runOnlyForDeploymentPostprocessing = 0;
		};
		D767F2472217BA32007493B2 /* Sources */ = {
			isa = PBXSourcesBuildPhase;
			buildActionMask = 2147483647;
			files = (
				D767F2502217BA32007493B2 /* FakeTumblrTests.swift in Sources */,
			);
			runOnlyForDeploymentPostprocessing = 0;
		};
		D767F2522217BA32007493B2 /* Sources */ = {
			isa = PBXSourcesBuildPhase;
			buildActionMask = 2147483647;
			files = (
				D767F25B2217BA32007493B2 /* FakeTumblrUITests.swift in Sources */,
			);
			runOnlyForDeploymentPostprocessing = 0;
		};
/* End PBXSourcesBuildPhase section */

/* Begin PBXTargetDependency section */
		D767F24D2217BA32007493B2 /* PBXTargetDependency */ = {
			isa = PBXTargetDependency;
			target = D767F2362217BA25007493B2 /* FakeTumblr */;
			targetProxy = D767F24C2217BA32007493B2 /* PBXContainerItemProxy */;
		};
		D767F2582217BA32007493B2 /* PBXTargetDependency */ = {
			isa = PBXTargetDependency;
			target = D767F2362217BA25007493B2 /* FakeTumblr */;
			targetProxy = D767F2572217BA32007493B2 /* PBXContainerItemProxy */;
		};
/* End PBXTargetDependency section */

/* Begin PBXVariantGroup section */
		D767F23E2217BA25007493B2 /* Main.storyboard */ = {
			isa = PBXVariantGroup;
			children = (
				D767F23F2217BA25007493B2 /* Base */,
			);
			name = Main.storyboard;
			sourceTree = "<group>";
		};
		D767F2432217BA31007493B2 /* LaunchScreen.storyboard */ = {
			isa = PBXVariantGroup;
			children = (
				D767F2442217BA31007493B2 /* Base */,
			);
			name = LaunchScreen.storyboard;
			sourceTree = "<group>";
		};
/* End PBXVariantGroup section */

/* Begin XCBuildConfiguration section */
		D767F25D2217BA32007493B2 /* Debug */ = {
			isa = XCBuildConfiguration;
			buildSettings = {
				ALWAYS_SEARCH_USER_PATHS = NO;
				CLANG_ANALYZER_NONNULL = YES;
				CLANG_ANALYZER_NUMBER_OBJECT_CONVERSION = YES_AGGRESSIVE;
				CLANG_CXX_LANGUAGE_STANDARD = "gnu++14";
				CLANG_CXX_LIBRARY = "libc++";
				CLANG_ENABLE_MODULES = YES;
				CLANG_ENABLE_OBJC_ARC = YES;
				CLANG_ENABLE_OBJC_WEAK = YES;
				CLANG_WARN_BLOCK_CAPTURE_AUTORELEASING = YES;
				CLANG_WARN_BOOL_CONVERSION = YES;
				CLANG_WARN_COMMA = YES;
				CLANG_WARN_CONSTANT_CONVERSION = YES;
				CLANG_WARN_DEPRECATED_OBJC_IMPLEMENTATIONS = YES;
				CLANG_WARN_DIRECT_OBJC_ISA_USAGE = YES_ERROR;
				CLANG_WARN_DOCUMENTATION_COMMENTS = YES;
				CLANG_WARN_EMPTY_BODY = YES;
				CLANG_WARN_ENUM_CONVERSION = YES;
				CLANG_WARN_INFINITE_RECURSION = YES;
				CLANG_WARN_INT_CONVERSION = YES;
				CLANG_WARN_NON_LITERAL_NULL_CONVERSION = YES;
				CLANG_WARN_OBJC_IMPLICIT_RETAIN_SELF = YES;
				CLANG_WARN_OBJC_LITERAL_CONVERSION = YES;
				CLANG_WARN_OBJC_ROOT_CLASS = YES_ERROR;
				CLANG_WARN_RANGE_LOOP_ANALYSIS = YES;
				CLANG_WARN_STRICT_PROTOTYPES = YES;
				CLANG_WARN_SUSPICIOUS_MOVE = YES;
				CLANG_WARN_UNGUARDED_AVAILABILITY = YES_AGGRESSIVE;
				CLANG_WARN_UNREACHABLE_CODE = YES;
				CLANG_WARN__DUPLICATE_METHOD_MATCH = YES;
				CODE_SIGN_IDENTITY = "iPhone Developer";
				COPY_PHASE_STRIP = NO;
				DEBUG_INFORMATION_FORMAT = dwarf;
				ENABLE_STRICT_OBJC_MSGSEND = YES;
				ENABLE_TESTABILITY = YES;
				GCC_C_LANGUAGE_STANDARD = gnu11;
				GCC_DYNAMIC_NO_PIC = NO;
				GCC_NO_COMMON_BLOCKS = YES;
				GCC_OPTIMIZATION_LEVEL = 0;
				GCC_PREPROCESSOR_DEFINITIONS = (
					"DEBUG=1",
					"$(inherited)",
				);
				GCC_WARN_64_TO_32_BIT_CONVERSION = YES;
				GCC_WARN_ABOUT_RETURN_TYPE = YES_ERROR;
				GCC_WARN_UNDECLARED_SELECTOR = YES;
				GCC_WARN_UNINITIALIZED_AUTOS = YES_AGGRESSIVE;
				GCC_WARN_UNUSED_FUNCTION = YES;
				GCC_WARN_UNUSED_VARIABLE = YES;
				IPHONEOS_DEPLOYMENT_TARGET = 12.1;
				MTL_ENABLE_DEBUG_INFO = INCLUDE_SOURCE;
				MTL_FAST_MATH = YES;
				ONLY_ACTIVE_ARCH = YES;
				SDKROOT = iphoneos;
				SWIFT_ACTIVE_COMPILATION_CONDITIONS = DEBUG;
				SWIFT_OPTIMIZATION_LEVEL = "-Onone";
			};
			name = Debug;
		};
		D767F25E2217BA32007493B2 /* Release */ = {
			isa = XCBuildConfiguration;
			buildSettings = {
				ALWAYS_SEARCH_USER_PATHS = NO;
				CLANG_ANALYZER_NONNULL = YES;
				CLANG_ANALYZER_NUMBER_OBJECT_CONVERSION = YES_AGGRESSIVE;
				CLANG_CXX_LANGUAGE_STANDARD = "gnu++14";
				CLANG_CXX_LIBRARY = "libc++";
				CLANG_ENABLE_MODULES = YES;
				CLANG_ENABLE_OBJC_ARC = YES;
				CLANG_ENABLE_OBJC_WEAK = YES;
				CLANG_WARN_BLOCK_CAPTURE_AUTORELEASING = YES;
				CLANG_WARN_BOOL_CONVERSION = YES;
				CLANG_WARN_COMMA = YES;
				CLANG_WARN_CONSTANT_CONVERSION = YES;
				CLANG_WARN_DEPRECATED_OBJC_IMPLEMENTATIONS = YES;
				CLANG_WARN_DIRECT_OBJC_ISA_USAGE = YES_ERROR;
				CLANG_WARN_DOCUMENTATION_COMMENTS = YES;
				CLANG_WARN_EMPTY_BODY = YES;
				CLANG_WARN_ENUM_CONVERSION = YES;
				CLANG_WARN_INFINITE_RECURSION = YES;
				CLANG_WARN_INT_CONVERSION = YES;
				CLANG_WARN_NON_LITERAL_NULL_CONVERSION = YES;
				CLANG_WARN_OBJC_IMPLICIT_RETAIN_SELF = YES;
				CLANG_WARN_OBJC_LITERAL_CONVERSION = YES;
				CLANG_WARN_OBJC_ROOT_CLASS = YES_ERROR;
				CLANG_WARN_RANGE_LOOP_ANALYSIS = YES;
				CLANG_WARN_STRICT_PROTOTYPES = YES;
				CLANG_WARN_SUSPICIOUS_MOVE = YES;
				CLANG_WARN_UNGUARDED_AVAILABILITY = YES_AGGRESSIVE;
				CLANG_WARN_UNREACHABLE_CODE = YES;
				CLANG_WARN__DUPLICATE_METHOD_MATCH = YES;
				CODE_SIGN_IDENTITY = "iPhone Developer";
				COPY_PHASE_STRIP = NO;
				DEBUG_INFORMATION_FORMAT = "dwarf-with-dsym";
				ENABLE_NS_ASSERTIONS = NO;
				ENABLE_STRICT_OBJC_MSGSEND = YES;
				GCC_C_LANGUAGE_STANDARD = gnu11;
				GCC_NO_COMMON_BLOCKS = YES;
				GCC_WARN_64_TO_32_BIT_CONVERSION = YES;
				GCC_WARN_ABOUT_RETURN_TYPE = YES_ERROR;
				GCC_WARN_UNDECLARED_SELECTOR = YES;
				GCC_WARN_UNINITIALIZED_AUTOS = YES_AGGRESSIVE;
				GCC_WARN_UNUSED_FUNCTION = YES;
				GCC_WARN_UNUSED_VARIABLE = YES;
				IPHONEOS_DEPLOYMENT_TARGET = 12.1;
				MTL_ENABLE_DEBUG_INFO = NO;
				MTL_FAST_MATH = YES;
				SDKROOT = iphoneos;
				SWIFT_COMPILATION_MODE = wholemodule;
				SWIFT_OPTIMIZATION_LEVEL = "-O";
				VALIDATE_PRODUCT = YES;
			};
			name = Release;
		};
		D767F2602217BA32007493B2 /* Debug */ = {
			isa = XCBuildConfiguration;
			baseConfigurationReference = 02910603A6FFF4F8B48B072D /* Pods-FakeTumblr.debug.xcconfig */;
			buildSettings = {
				ASSETCATALOG_COMPILER_APPICON_NAME = AppIcon;
				CODE_SIGN_STYLE = Automatic;
				DEVELOPMENT_TEAM = 2M5Z36K6T8;
				INFOPLIST_FILE = FakeTumblr/Info.plist;
				LD_RUNPATH_SEARCH_PATHS = (
					"$(inherited)",
					"@executable_path/Frameworks",
				);
				PRODUCT_BUNDLE_IDENTIFIER = io.github.Kazutaka333.FakeTumblr;
				PRODUCT_NAME = "$(TARGET_NAME)";
				SWIFT_VERSION = 4.2;
				TARGETED_DEVICE_FAMILY = "1,2";
			};
			name = Debug;
		};
		D767F2612217BA32007493B2 /* Release */ = {
			isa = XCBuildConfiguration;
			baseConfigurationReference = 1B5F1C9ABCAE8F788BAFE785 /* Pods-FakeTumblr.release.xcconfig */;
			buildSettings = {
				ASSETCATALOG_COMPILER_APPICON_NAME = AppIcon;
				CODE_SIGN_STYLE = Automatic;
				DEVELOPMENT_TEAM = 2M5Z36K6T8;
				INFOPLIST_FILE = FakeTumblr/Info.plist;
				LD_RUNPATH_SEARCH_PATHS = (
					"$(inherited)",
					"@executable_path/Frameworks",
				);
				PRODUCT_BUNDLE_IDENTIFIER = io.github.Kazutaka333.FakeTumblr;
				PRODUCT_NAME = "$(TARGET_NAME)";
				SWIFT_VERSION = 4.2;
				TARGETED_DEVICE_FAMILY = "1,2";
			};
			name = Release;
		};
		D767F2632217BA32007493B2 /* Debug */ = {
			isa = XCBuildConfiguration;
			baseConfigurationReference = C3B0C3959F1F85B21234EF85 /* Pods-FakeTumblrTests.debug.xcconfig */;
			buildSettings = {
				ALWAYS_EMBED_SWIFT_STANDARD_LIBRARIES = YES;
				BUNDLE_LOADER = "$(TEST_HOST)";
				CODE_SIGN_STYLE = Automatic;
				INFOPLIST_FILE = FakeTumblrTests/Info.plist;
				LD_RUNPATH_SEARCH_PATHS = (
					"$(inherited)",
					"@executable_path/Frameworks",
					"@loader_path/Frameworks",
				);
				PRODUCT_BUNDLE_IDENTIFIER = io.github.Kazutaka333.FakeTumblrTests;
				PRODUCT_NAME = "$(TARGET_NAME)";
				SWIFT_VERSION = 4.2;
				TARGETED_DEVICE_FAMILY = "1,2";
				TEST_HOST = "$(BUILT_PRODUCTS_DIR)/FakeTumblr.app/FakeTumblr";
			};
			name = Debug;
		};
		D767F2642217BA32007493B2 /* Release */ = {
			isa = XCBuildConfiguration;
			baseConfigurationReference = DC90DE5DB3BA1B8F522497CB /* Pods-FakeTumblrTests.release.xcconfig */;
			buildSettings = {
				ALWAYS_EMBED_SWIFT_STANDARD_LIBRARIES = YES;
				BUNDLE_LOADER = "$(TEST_HOST)";
				CODE_SIGN_STYLE = Automatic;
				INFOPLIST_FILE = FakeTumblrTests/Info.plist;
				LD_RUNPATH_SEARCH_PATHS = (
					"$(inherited)",
					"@executable_path/Frameworks",
					"@loader_path/Frameworks",
				);
				PRODUCT_BUNDLE_IDENTIFIER = io.github.Kazutaka333.FakeTumblrTests;
				PRODUCT_NAME = "$(TARGET_NAME)";
				SWIFT_VERSION = 4.2;
				TARGETED_DEVICE_FAMILY = "1,2";
				TEST_HOST = "$(BUILT_PRODUCTS_DIR)/FakeTumblr.app/FakeTumblr";
			};
			name = Release;
		};
		D767F2662217BA32007493B2 /* Debug */ = {
			isa = XCBuildConfiguration;
			baseConfigurationReference = 9DB1F218AB80C0BC34838123 /* Pods-FakeTumblrUITests.debug.xcconfig */;
			buildSettings = {
				ALWAYS_EMBED_SWIFT_STANDARD_LIBRARIES = YES;
				CODE_SIGN_STYLE = Automatic;
				INFOPLIST_FILE = FakeTumblrUITests/Info.plist;
				LD_RUNPATH_SEARCH_PATHS = (
					"$(inherited)",
					"@executable_path/Frameworks",
					"@loader_path/Frameworks",
				);
				PRODUCT_BUNDLE_IDENTIFIER = io.github.Kazutaka333.FakeTumblrUITests;
				PRODUCT_NAME = "$(TARGET_NAME)";
				SWIFT_VERSION = 4.2;
				TARGETED_DEVICE_FAMILY = "1,2";
				TEST_TARGET_NAME = FakeTumblr;
			};
			name = Debug;
		};
		D767F2672217BA32007493B2 /* Release */ = {
			isa = XCBuildConfiguration;
			baseConfigurationReference = 951518B47DFA1DBED8777BB5 /* Pods-FakeTumblrUITests.release.xcconfig */;
			buildSettings = {
				ALWAYS_EMBED_SWIFT_STANDARD_LIBRARIES = YES;
				CODE_SIGN_STYLE = Automatic;
				INFOPLIST_FILE = FakeTumblrUITests/Info.plist;
				LD_RUNPATH_SEARCH_PATHS = (
					"$(inherited)",
					"@executable_path/Frameworks",
					"@loader_path/Frameworks",
				);
				PRODUCT_BUNDLE_IDENTIFIER = io.github.Kazutaka333.FakeTumblrUITests;
				PRODUCT_NAME = "$(TARGET_NAME)";
				SWIFT_VERSION = 4.2;
				TARGETED_DEVICE_FAMILY = "1,2";
				TEST_TARGET_NAME = FakeTumblr;
			};
			name = Release;
		};
/* End XCBuildConfiguration section */

/* Begin XCConfigurationList section */
		D767F2322217BA25007493B2 /* Build configuration list for PBXProject "FakeTumblr" */ = {
			isa = XCConfigurationList;
			buildConfigurations = (
				D767F25D2217BA32007493B2 /* Debug */,
				D767F25E2217BA32007493B2 /* Release */,
			);
			defaultConfigurationIsVisible = 0;
			defaultConfigurationName = Release;
		};
		D767F25F2217BA32007493B2 /* Build configuration list for PBXNativeTarget "FakeTumblr" */ = {
			isa = XCConfigurationList;
			buildConfigurations = (
				D767F2602217BA32007493B2 /* Debug */,
				D767F2612217BA32007493B2 /* Release */,
			);
			defaultConfigurationIsVisible = 0;
			defaultConfigurationName = Release;
		};
		D767F2622217BA32007493B2 /* Build configuration list for PBXNativeTarget "FakeTumblrTests" */ = {
			isa = XCConfigurationList;
			buildConfigurations = (
				D767F2632217BA32007493B2 /* Debug */,
				D767F2642217BA32007493B2 /* Release */,
			);
			defaultConfigurationIsVisible = 0;
			defaultConfigurationName = Release;
		};
		D767F2652217BA32007493B2 /* Build configuration list for PBXNativeTarget "FakeTumblrUITests" */ = {
			isa = XCConfigurationList;
			buildConfigurations = (
				D767F2662217BA32007493B2 /* Debug */,
				D767F2672217BA32007493B2 /* Release */,
			);
			defaultConfigurationIsVisible = 0;
			defaultConfigurationName = Release;
		};
/* End XCConfigurationList section */
	};
	rootObject = D767F22F2217BA25007493B2 /* Project object */;
}
